// !$*UTF8*$!
{
	archiveVersion = 1;
	classes = {
	};
	objectVersion = 56;
	objects = {

/* Begin PBXBuildFile section */
		914E21A12B135BA400FF4CD2 /* RecentlyUsedPhotosTableViewCell+UICollectionViewDelegateDataSource.swift in Sources */ = {isa = PBXBuildFile; fileRef = 914E21A02B135BA400FF4CD2 /* RecentlyUsedPhotosTableViewCell+UICollectionViewDelegateDataSource.swift */; };
		914E21A32B135BFA00FF4CD2 /* RecentlyUsedPhotosTableViewCell+UICollectionViewDelegateFlowLayout.swift in Sources */ = {isa = PBXBuildFile; fileRef = 914E21A22B135BFA00FF4CD2 /* RecentlyUsedPhotosTableViewCell+UICollectionViewDelegateFlowLayout.swift */; };
		914E21A62B135E5300FF4CD2 /* UITableViewHeaderFooterView+Extension.swift in Sources */ = {isa = PBXBuildFile; fileRef = 914E21A52B135E5300FF4CD2 /* UITableViewHeaderFooterView+Extension.swift */; };
		914E21A82B1364C300FF4CD2 /* LogoPickerViewControllerDelegate.swift in Sources */ = {isa = PBXBuildFile; fileRef = 914E21A72B1364C300FF4CD2 /* LogoPickerViewControllerDelegate.swift */; };
		914E21AB2B1367E800FF4CD2 /* LogoPickerViewController+PHPickerViewControllerDelegate.swift in Sources */ = {isa = PBXBuildFile; fileRef = 914E21AA2B1367E800FF4CD2 /* LogoPickerViewController+PHPickerViewControllerDelegate.swift */; };
		914E21AD2B1367F900FF4CD2 /* LogoPickerViewController+UIImagePickerControllerDelegate.swift in Sources */ = {isa = PBXBuildFile; fileRef = 914E21AC2B1367F900FF4CD2 /* LogoPickerViewController+UIImagePickerControllerDelegate.swift */; };
		914E21AF2B13683500FF4CD2 /* LogoPickerViewController+UITableViewDataSourceDelegate.swift in Sources */ = {isa = PBXBuildFile; fileRef = 914E21AE2B13683500FF4CD2 /* LogoPickerViewController+UITableViewDataSourceDelegate.swift */; };
		914E21B22B1369D400FF4CD2 /* Router.swift in Sources */ = {isa = PBXBuildFile; fileRef = 914E21B12B1369D400FF4CD2 /* Router.swift */; };
		914E21D12B13979700FF4CD2 /* Styles_framework.framework in Frameworks */ = {isa = PBXBuildFile; fileRef = 914E21D02B13979700FF4CD2 /* Styles_framework.framework */; };
		914E21D22B13979700FF4CD2 /* Styles_framework.framework in Embed Frameworks */ = {isa = PBXBuildFile; fileRef = 914E21D02B13979700FF4CD2 /* Styles_framework.framework */; settings = {ATTRIBUTES = (CodeSignOnCopy, RemoveHeadersOnCopy, ); }; };
		914E21D62B139A6700FF4CD2 /* ImageCache.swift in Sources */ = {isa = PBXBuildFile; fileRef = 914E21D52B139A6700FF4CD2 /* ImageCache.swift */; };
		914E22492B13E13500FF4CD2 /* README.md in Resources */ = {isa = PBXBuildFile; fileRef = 914E22482B13E13500FF4CD2 /* README.md */; };
		91783D122B11FE8D00766268 /* LogoPicker_framework.docc in Sources */ = {isa = PBXBuildFile; fileRef = 91783D112B11FE8D00766268 /* LogoPicker_framework.docc */; };
		91783D182B11FE8E00766268 /* LogoPicker_framework.framework in Frameworks */ = {isa = PBXBuildFile; fileRef = 91783D0D2B11FE8D00766268 /* LogoPicker_framework.framework */; };
		91783D1D2B11FE8E00766268 /* LogoPicker_frameworkTests.swift in Sources */ = {isa = PBXBuildFile; fileRef = 91783D1C2B11FE8E00766268 /* LogoPicker_frameworkTests.swift */; };
		91783D1E2B11FE8E00766268 /* LogoPicker_framework.h in Headers */ = {isa = PBXBuildFile; fileRef = 91783D102B11FE8D00766268 /* LogoPicker_framework.h */; settings = {ATTRIBUTES = (Public, ); }; };
		91783D6D2B12036A00766268 /* LogoView.swift in Sources */ = {isa = PBXBuildFile; fileRef = 91783D6C2B12036A00766268 /* LogoView.swift */; };
		91783D702B12187C00766268 /* LogoPickerViewController.swift in Sources */ = {isa = PBXBuildFile; fileRef = 91783D6F2B12187C00766268 /* LogoPickerViewController.swift */; };
		91783D732B121D3900766268 /* LogoState.swift in Sources */ = {isa = PBXBuildFile; fileRef = 91783D722B121D3900766268 /* LogoState.swift */; };
		91783D752B1226C100766268 /* ImageSource.swift in Sources */ = {isa = PBXBuildFile; fileRef = 91783D742B1226C100766268 /* ImageSource.swift */; };
		91783D772B12461800766268 /* LogoSelectorTableSectionHeaderView.swift in Sources */ = {isa = PBXBuildFile; fileRef = 91783D762B12461800766268 /* LogoSelectorTableSectionHeaderView.swift */; };
		91783D7A2B1246BE00766268 /* ReusableView.swift in Sources */ = {isa = PBXBuildFile; fileRef = 91783D792B1246BE00766268 /* ReusableView.swift */; };
		91783D7D2B12531B00766268 /* LogoPreviewTableViewCell.swift in Sources */ = {isa = PBXBuildFile; fileRef = 91783D7C2B12531B00766268 /* LogoPreviewTableViewCell.swift */; };
		91783D802B1259CD00766268 /* UITableViewCell+Extension.swift in Sources */ = {isa = PBXBuildFile; fileRef = 91783D7F2B1259CD00766268 /* UITableViewCell+Extension.swift */; };
		91783D832B125E0300766268 /* AlertDisplayUtility.swift in Sources */ = {isa = PBXBuildFile; fileRef = 91783D822B125E0300766268 /* AlertDisplayUtility.swift */; };
		91783D862B132C6500766268 /* LogoFrameSize.swift in Sources */ = {isa = PBXBuildFile; fileRef = 91783D852B132C6500766268 /* LogoFrameSize.swift */; };
		91783D882B132D6700766268 /* RecentlyUsedPhotosTableViewCell.swift in Sources */ = {isa = PBXBuildFile; fileRef = 91783D872B132D6700766268 /* RecentlyUsedPhotosTableViewCell.swift */; };
		91783D8A2B1332F000766268 /* RecentImageCollectionViewCell.swift in Sources */ = {isa = PBXBuildFile; fileRef = 91783D892B1332F000766268 /* RecentImageCollectionViewCell.swift */; };
		91783D8C2B1336E600766268 /* UICollectionViewCell+Extension.swift in Sources */ = {isa = PBXBuildFile; fileRef = 91783D8B2B1336E600766268 /* UICollectionViewCell+Extension.swift */; };
		917887732B14903D004822EC /* ColorProviderUtility.swift in Sources */ = {isa = PBXBuildFile; fileRef = 917887722B14903D004822EC /* ColorProviderUtility.swift */; };
		91C7F70A2B134A5E006B30AD /* Assets.xcassets in Resources */ = {isa = PBXBuildFile; fileRef = 91C7F7092B134A5E006B30AD /* Assets.xcassets */; };
/* End PBXBuildFile section */

/* Begin PBXContainerItemProxy section */
		91783D192B11FE8E00766268 /* PBXContainerItemProxy */ = {
			isa = PBXContainerItemProxy;
			containerPortal = 91783D042B11FE8D00766268 /* Project object */;
			proxyType = 1;
			remoteGlobalIDString = 91783D0C2B11FE8D00766268;
			remoteInfo = "LogoPicker-framework";
		};
/* End PBXContainerItemProxy section */

/* Begin PBXCopyFilesBuildPhase section */
		914E21D32B13979700FF4CD2 /* Embed Frameworks */ = {
			isa = PBXCopyFilesBuildPhase;
			buildActionMask = 2147483647;
			dstPath = "";
			dstSubfolderSpec = 10;
			files = (
				914E21D22B13979700FF4CD2 /* Styles_framework.framework in Embed Frameworks */,
			);
			name = "Embed Frameworks";
			runOnlyForDeploymentPostprocessing = 0;
		};
/* End PBXCopyFilesBuildPhase section */

/* Begin PBXFileReference section */
		914E21A02B135BA400FF4CD2 /* RecentlyUsedPhotosTableViewCell+UICollectionViewDelegateDataSource.swift */ = {isa = PBXFileReference; lastKnownFileType = sourcecode.swift; path = "RecentlyUsedPhotosTableViewCell+UICollectionViewDelegateDataSource.swift"; sourceTree = "<group>"; };
		914E21A22B135BFA00FF4CD2 /* RecentlyUsedPhotosTableViewCell+UICollectionViewDelegateFlowLayout.swift */ = {isa = PBXFileReference; lastKnownFileType = sourcecode.swift; path = "RecentlyUsedPhotosTableViewCell+UICollectionViewDelegateFlowLayout.swift"; sourceTree = "<group>"; };
		914E21A52B135E5300FF4CD2 /* UITableViewHeaderFooterView+Extension.swift */ = {isa = PBXFileReference; lastKnownFileType = sourcecode.swift; path = "UITableViewHeaderFooterView+Extension.swift"; sourceTree = "<group>"; };
		914E21A72B1364C300FF4CD2 /* LogoPickerViewControllerDelegate.swift */ = {isa = PBXFileReference; lastKnownFileType = sourcecode.swift; path = LogoPickerViewControllerDelegate.swift; sourceTree = "<group>"; };
		914E21AA2B1367E800FF4CD2 /* LogoPickerViewController+PHPickerViewControllerDelegate.swift */ = {isa = PBXFileReference; lastKnownFileType = sourcecode.swift; path = "LogoPickerViewController+PHPickerViewControllerDelegate.swift"; sourceTree = "<group>"; };
		914E21AC2B1367F900FF4CD2 /* LogoPickerViewController+UIImagePickerControllerDelegate.swift */ = {isa = PBXFileReference; lastKnownFileType = sourcecode.swift; path = "LogoPickerViewController+UIImagePickerControllerDelegate.swift"; sourceTree = "<group>"; };
		914E21AE2B13683500FF4CD2 /* LogoPickerViewController+UITableViewDataSourceDelegate.swift */ = {isa = PBXFileReference; lastKnownFileType = sourcecode.swift; path = "LogoPickerViewController+UITableViewDataSourceDelegate.swift"; sourceTree = "<group>"; };
		914E21B12B1369D400FF4CD2 /* Router.swift */ = {isa = PBXFileReference; lastKnownFileType = sourcecode.swift; path = Router.swift; sourceTree = "<group>"; };
		914E21D02B13979700FF4CD2 /* Styles_framework.framework */ = {isa = PBXFileReference; explicitFileType = wrapper.framework; path = Styles_framework.framework; sourceTree = BUILT_PRODUCTS_DIR; };
		914E21D52B139A6700FF4CD2 /* ImageCache.swift */ = {isa = PBXFileReference; lastKnownFileType = sourcecode.swift; path = ImageCache.swift; sourceTree = "<group>"; };
		914E22482B13E13500FF4CD2 /* README.md */ = {isa = PBXFileReference; fileEncoding = 4; lastKnownFileType = net.daringfireball.markdown; path = README.md; sourceTree = "<group>"; };
		91783D0D2B11FE8D00766268 /* LogoPicker_framework.framework */ = {isa = PBXFileReference; explicitFileType = wrapper.framework; includeInIndex = 0; path = LogoPicker_framework.framework; sourceTree = BUILT_PRODUCTS_DIR; };
		91783D102B11FE8D00766268 /* LogoPicker_framework.h */ = {isa = PBXFileReference; lastKnownFileType = sourcecode.c.h; path = LogoPicker_framework.h; sourceTree = "<group>"; };
		91783D112B11FE8D00766268 /* LogoPicker_framework.docc */ = {isa = PBXFileReference; lastKnownFileType = folder.documentationcatalog; path = LogoPicker_framework.docc; sourceTree = "<group>"; };
		91783D172B11FE8E00766268 /* LogoPicker-frameworkTests.xctest */ = {isa = PBXFileReference; explicitFileType = wrapper.cfbundle; includeInIndex = 0; path = "LogoPicker-frameworkTests.xctest"; sourceTree = BUILT_PRODUCTS_DIR; };
		91783D1C2B11FE8E00766268 /* LogoPicker_frameworkTests.swift */ = {isa = PBXFileReference; lastKnownFileType = sourcecode.swift; path = LogoPicker_frameworkTests.swift; sourceTree = "<group>"; };
		91783D6C2B12036A00766268 /* LogoView.swift */ = {isa = PBXFileReference; lastKnownFileType = sourcecode.swift; path = LogoView.swift; sourceTree = "<group>"; };
		91783D6F2B12187C00766268 /* LogoPickerViewController.swift */ = {isa = PBXFileReference; lastKnownFileType = sourcecode.swift; path = LogoPickerViewController.swift; sourceTree = "<group>"; };
		91783D722B121D3900766268 /* LogoState.swift */ = {isa = PBXFileReference; lastKnownFileType = sourcecode.swift; path = LogoState.swift; sourceTree = "<group>"; };
		91783D742B1226C100766268 /* ImageSource.swift */ = {isa = PBXFileReference; lastKnownFileType = sourcecode.swift; path = ImageSource.swift; sourceTree = "<group>"; };
		91783D762B12461800766268 /* LogoSelectorTableSectionHeaderView.swift */ = {isa = PBXFileReference; lastKnownFileType = sourcecode.swift; path = LogoSelectorTableSectionHeaderView.swift; sourceTree = "<group>"; };
		91783D792B1246BE00766268 /* ReusableView.swift */ = {isa = PBXFileReference; lastKnownFileType = sourcecode.swift; path = ReusableView.swift; sourceTree = "<group>"; };
		91783D7C2B12531B00766268 /* LogoPreviewTableViewCell.swift */ = {isa = PBXFileReference; lastKnownFileType = sourcecode.swift; path = LogoPreviewTableViewCell.swift; sourceTree = "<group>"; };
		91783D7F2B1259CD00766268 /* UITableViewCell+Extension.swift */ = {isa = PBXFileReference; lastKnownFileType = sourcecode.swift; path = "UITableViewCell+Extension.swift"; sourceTree = "<group>"; };
		91783D822B125E0300766268 /* AlertDisplayUtility.swift */ = {isa = PBXFileReference; lastKnownFileType = sourcecode.swift; path = AlertDisplayUtility.swift; sourceTree = "<group>"; };
		91783D852B132C6500766268 /* LogoFrameSize.swift */ = {isa = PBXFileReference; lastKnownFileType = sourcecode.swift; path = LogoFrameSize.swift; sourceTree = "<group>"; };
		91783D872B132D6700766268 /* RecentlyUsedPhotosTableViewCell.swift */ = {isa = PBXFileReference; lastKnownFileType = sourcecode.swift; path = RecentlyUsedPhotosTableViewCell.swift; sourceTree = "<group>"; };
		91783D892B1332F000766268 /* RecentImageCollectionViewCell.swift */ = {isa = PBXFileReference; lastKnownFileType = sourcecode.swift; path = RecentImageCollectionViewCell.swift; sourceTree = "<group>"; };
		91783D8B2B1336E600766268 /* UICollectionViewCell+Extension.swift */ = {isa = PBXFileReference; lastKnownFileType = sourcecode.swift; path = "UICollectionViewCell+Extension.swift"; sourceTree = "<group>"; };
		917887722B14903D004822EC /* ColorProviderUtility.swift */ = {isa = PBXFileReference; lastKnownFileType = sourcecode.swift; path = ColorProviderUtility.swift; sourceTree = "<group>"; };
		91C7F7092B134A5E006B30AD /* Assets.xcassets */ = {isa = PBXFileReference; lastKnownFileType = folder.assetcatalog; path = Assets.xcassets; sourceTree = "<group>"; };
/* End PBXFileReference section */

/* Begin PBXFrameworksBuildPhase section */
		91783D0A2B11FE8D00766268 /* Frameworks */ = {
			isa = PBXFrameworksBuildPhase;
			buildActionMask = 2147483647;
			files = (
			);
			runOnlyForDeploymentPostprocessing = 0;
		};
		91783D142B11FE8E00766268 /* Frameworks */ = {
			isa = PBXFrameworksBuildPhase;
			buildActionMask = 2147483647;
			files = (
				91783D182B11FE8E00766268 /* LogoPicker_framework.framework in Frameworks */,
				914E21D12B13979700FF4CD2 /* Styles_framework.framework in Frameworks */,
			);
			runOnlyForDeploymentPostprocessing = 0;
		};
/* End PBXFrameworksBuildPhase section */

/* Begin PBXGroup section */
		914E219D2B135B6400FF4CD2 /* UITableViewCell */ = {
			isa = PBXGroup;
			children = (
				91783D7F2B1259CD00766268 /* UITableViewCell+Extension.swift */,
			);
			path = UITableViewCell;
			sourceTree = "<group>";
		};
		914E219E2B135B6C00FF4CD2 /* UICollectionViewCell */ = {
			isa = PBXGroup;
			children = (
				91783D8B2B1336E600766268 /* UICollectionViewCell+Extension.swift */,
			);
			path = UICollectionViewCell;
			sourceTree = "<group>";
		};
		914E219F2B135B8C00FF4CD2 /* RecentlyUsedPhotosTableViewCell */ = {
			isa = PBXGroup;
			children = (
				914E21A02B135BA400FF4CD2 /* RecentlyUsedPhotosTableViewCell+UICollectionViewDelegateDataSource.swift */,
				914E21A22B135BFA00FF4CD2 /* RecentlyUsedPhotosTableViewCell+UICollectionViewDelegateFlowLayout.swift */,
			);
			path = RecentlyUsedPhotosTableViewCell;
			sourceTree = "<group>";
		};
		914E21A42B135E4A00FF4CD2 /* UITableViewHeaderFooterView */ = {
			isa = PBXGroup;
			children = (
				914E21A52B135E5300FF4CD2 /* UITableViewHeaderFooterView+Extension.swift */,
			);
			path = UITableViewHeaderFooterView;
			sourceTree = "<group>";
		};
		914E21A92B1367CD00FF4CD2 /* LogoPickerViewController */ = {
			isa = PBXGroup;
			children = (
				914E21AA2B1367E800FF4CD2 /* LogoPickerViewController+PHPickerViewControllerDelegate.swift */,
				914E21AC2B1367F900FF4CD2 /* LogoPickerViewController+UIImagePickerControllerDelegate.swift */,
				914E21AE2B13683500FF4CD2 /* LogoPickerViewController+UITableViewDataSourceDelegate.swift */,
			);
			path = LogoPickerViewController;
			sourceTree = "<group>";
		};
		914E21B02B1369CA00FF4CD2 /* Router */ = {
			isa = PBXGroup;
			children = (
				914E21B12B1369D400FF4CD2 /* Router.swift */,
			);
			path = Router;
			sourceTree = "<group>";
		};
		914E21CF2B13979700FF4CD2 /* Frameworks */ = {
			isa = PBXGroup;
			children = (
				914E21D02B13979700FF4CD2 /* Styles_framework.framework */,
			);
			name = Frameworks;
			sourceTree = "<group>";
		};
		914E21D42B139A5800FF4CD2 /* Cache */ = {
			isa = PBXGroup;
			children = (
				914E21D52B139A6700FF4CD2 /* ImageCache.swift */,
			);
			path = Cache;
			sourceTree = "<group>";
		};
		914E224A2B14883200FF4CD2 /* iOS */ = {
			isa = PBXGroup;
			children = (
				91783D632B11FEC100766268 /* Sources */,
			);
			path = iOS;
			sourceTree = "<group>";
		};
		91783D032B11FE8D00766268 = {
			isa = PBXGroup;
			children = (
				914E22482B13E13500FF4CD2 /* README.md */,
				91783D0F2B11FE8D00766268 /* LogoPicker-framework */,
				91783D1B2B11FE8E00766268 /* LogoPicker-frameworkTests */,
				91783D0E2B11FE8D00766268 /* Products */,
				914E21CF2B13979700FF4CD2 /* Frameworks */,
			);
			sourceTree = "<group>";
		};
		91783D0E2B11FE8D00766268 /* Products */ = {
			isa = PBXGroup;
			children = (
				91783D0D2B11FE8D00766268 /* LogoPicker_framework.framework */,
				91783D172B11FE8E00766268 /* LogoPicker-frameworkTests.xctest */,
			);
			name = Products;
			sourceTree = "<group>";
		};
		91783D0F2B11FE8D00766268 /* LogoPicker-framework */ = {
			isa = PBXGroup;
			children = (
				914E224A2B14883200FF4CD2 /* iOS */,
				91783D102B11FE8D00766268 /* LogoPicker_framework.h */,
				91783D112B11FE8D00766268 /* LogoPicker_framework.docc */,
				91C7F7092B134A5E006B30AD /* Assets.xcassets */,
			);
			path = "LogoPicker-framework";
			sourceTree = "<group>";
		};
		91783D1B2B11FE8E00766268 /* LogoPicker-frameworkTests */ = {
			isa = PBXGroup;
			children = (
				91783D1C2B11FE8E00766268 /* LogoPicker_frameworkTests.swift */,
			);
			path = "LogoPicker-frameworkTests";
			sourceTree = "<group>";
		};
		91783D632B11FEC100766268 /* Sources */ = {
			isa = PBXGroup;
			children = (
				914E21D42B139A5800FF4CD2 /* Cache */,
				914E21B02B1369CA00FF4CD2 /* Router */,
				91783D812B125DF700766268 /* Utilities */,
				91783D7E2B1259BD00766268 /* Extensions */,
				91783D7B2B12507500766268 /* Cells */,
				91783D782B1246B200766268 /* Protocols */,
				91783D712B121D3100766268 /* Enums */,
				91783D6E2B12185E00766268 /* ViewControllers */,
				91783D6B2B12035100766268 /* Views */,
			);
			path = Sources;
			sourceTree = "<group>";
		};
		91783D6B2B12035100766268 /* Views */ = {
			isa = PBXGroup;
			children = (
				91783D6C2B12036A00766268 /* LogoView.swift */,
				91783D762B12461800766268 /* LogoSelectorTableSectionHeaderView.swift */,
			);
			path = Views;
			sourceTree = "<group>";
		};
		91783D6E2B12185E00766268 /* ViewControllers */ = {
			isa = PBXGroup;
			children = (
				91783D6F2B12187C00766268 /* LogoPickerViewController.swift */,
			);
			path = ViewControllers;
			sourceTree = "<group>";
		};
		91783D712B121D3100766268 /* Enums */ = {
			isa = PBXGroup;
			children = (
				91783D722B121D3900766268 /* LogoState.swift */,
				91783D742B1226C100766268 /* ImageSource.swift */,
				91783D852B132C6500766268 /* LogoFrameSize.swift */,
			);
			path = Enums;
			sourceTree = "<group>";
		};
		91783D782B1246B200766268 /* Protocols */ = {
			isa = PBXGroup;
			children = (
				91783D792B1246BE00766268 /* ReusableView.swift */,
				914E21A72B1364C300FF4CD2 /* LogoPickerViewControllerDelegate.swift */,
			);
			path = Protocols;
			sourceTree = "<group>";
		};
		91783D7B2B12507500766268 /* Cells */ = {
			isa = PBXGroup;
			children = (
				91783D7C2B12531B00766268 /* LogoPreviewTableViewCell.swift */,
				91783D872B132D6700766268 /* RecentlyUsedPhotosTableViewCell.swift */,
				91783D892B1332F000766268 /* RecentImageCollectionViewCell.swift */,
			);
			path = Cells;
			sourceTree = "<group>";
		};
		91783D7E2B1259BD00766268 /* Extensions */ = {
			isa = PBXGroup;
			children = (
				914E21A92B1367CD00FF4CD2 /* LogoPickerViewController */,
				914E21A42B135E4A00FF4CD2 /* UITableViewHeaderFooterView */,
				914E219F2B135B8C00FF4CD2 /* RecentlyUsedPhotosTableViewCell */,
				914E219E2B135B6C00FF4CD2 /* UICollectionViewCell */,
				914E219D2B135B6400FF4CD2 /* UITableViewCell */,
			);
			path = Extensions;
			sourceTree = "<group>";
		};
		91783D812B125DF700766268 /* Utilities */ = {
			isa = PBXGroup;
			children = (
				91783D822B125E0300766268 /* AlertDisplayUtility.swift */,
				917887722B14903D004822EC /* ColorProviderUtility.swift */,
			);
			path = Utilities;
			sourceTree = "<group>";
		};
/* End PBXGroup section */

/* Begin PBXHeadersBuildPhase section */
		91783D082B11FE8D00766268 /* Headers */ = {
			isa = PBXHeadersBuildPhase;
			buildActionMask = 2147483647;
			files = (
				91783D1E2B11FE8E00766268 /* LogoPicker_framework.h in Headers */,
			);
			runOnlyForDeploymentPostprocessing = 0;
		};
/* End PBXHeadersBuildPhase section */

/* Begin PBXNativeTarget section */
		91783D0C2B11FE8D00766268 /* LogoPicker-framework */ = {
			isa = PBXNativeTarget;
			buildConfigurationList = 91783D212B11FE8E00766268 /* Build configuration list for PBXNativeTarget "LogoPicker-framework" */;
			buildPhases = (
				91783D082B11FE8D00766268 /* Headers */,
				91783D092B11FE8D00766268 /* Sources */,
				91783D0A2B11FE8D00766268 /* Frameworks */,
				91783D0B2B11FE8D00766268 /* Resources */,
			);
			buildRules = (
			);
			dependencies = (
			);
			name = "LogoPicker-framework";
			productName = "LogoPicker-framework";
			productReference = 91783D0D2B11FE8D00766268 /* LogoPicker_framework.framework */;
			productType = "com.apple.product-type.framework";
		};
		91783D162B11FE8E00766268 /* LogoPicker-frameworkTests */ = {
			isa = PBXNativeTarget;
			buildConfigurationList = 91783D242B11FE8E00766268 /* Build configuration list for PBXNativeTarget "LogoPicker-frameworkTests" */;
			buildPhases = (
				91783D132B11FE8E00766268 /* Sources */,
				91783D142B11FE8E00766268 /* Frameworks */,
				91783D152B11FE8E00766268 /* Resources */,
				914E21D32B13979700FF4CD2 /* Embed Frameworks */,
			);
			buildRules = (
			);
			dependencies = (
				91783D1A2B11FE8E00766268 /* PBXTargetDependency */,
			);
			name = "LogoPicker-frameworkTests";
			productName = "LogoPicker-frameworkTests";
			productReference = 91783D172B11FE8E00766268 /* LogoPicker-frameworkTests.xctest */;
			productType = "com.apple.product-type.bundle.unit-test";
		};
/* End PBXNativeTarget section */

/* Begin PBXProject section */
		91783D042B11FE8D00766268 /* Project object */ = {
			isa = PBXProject;
			attributes = {
				BuildIndependentTargetsInParallel = 1;
				LastSwiftUpdateCheck = 1500;
				LastUpgradeCheck = 1500;
				TargetAttributes = {
					91783D0C2B11FE8D00766268 = {
						CreatedOnToolsVersion = 15.0;
					};
					91783D162B11FE8E00766268 = {
						CreatedOnToolsVersion = 15.0;
					};
				};
			};
			buildConfigurationList = 91783D072B11FE8D00766268 /* Build configuration list for PBXProject "LogoPicker-framework" */;
			compatibilityVersion = "Xcode 14.0";
			developmentRegion = en;
			hasScannedForEncodings = 0;
			knownRegions = (
				en,
				Base,
			);
			mainGroup = 91783D032B11FE8D00766268;
			productRefGroup = 91783D0E2B11FE8D00766268 /* Products */;
			projectDirPath = "";
			projectRoot = "";
			targets = (
				91783D0C2B11FE8D00766268 /* LogoPicker-framework */,
				91783D162B11FE8E00766268 /* LogoPicker-frameworkTests */,
			);
		};
/* End PBXProject section */

/* Begin PBXResourcesBuildPhase section */
		91783D0B2B11FE8D00766268 /* Resources */ = {
			isa = PBXResourcesBuildPhase;
			buildActionMask = 2147483647;
			files = (
				914E22492B13E13500FF4CD2 /* README.md in Resources */,
				91C7F70A2B134A5E006B30AD /* Assets.xcassets in Resources */,
			);
			runOnlyForDeploymentPostprocessing = 0;
		};
		91783D152B11FE8E00766268 /* Resources */ = {
			isa = PBXResourcesBuildPhase;
			buildActionMask = 2147483647;
			files = (
			);
			runOnlyForDeploymentPostprocessing = 0;
		};
/* End PBXResourcesBuildPhase section */

/* Begin PBXSourcesBuildPhase section */
		91783D092B11FE8D00766268 /* Sources */ = {
			isa = PBXSourcesBuildPhase;
			buildActionMask = 2147483647;
			files = (
				91783D8A2B1332F000766268 /* RecentImageCollectionViewCell.swift in Sources */,
				91783D732B121D3900766268 /* LogoState.swift in Sources */,
				914E21A12B135BA400FF4CD2 /* RecentlyUsedPhotosTableViewCell+UICollectionViewDelegateDataSource.swift in Sources */,
				917887732B14903D004822EC /* ColorProviderUtility.swift in Sources */,
				91783D8C2B1336E600766268 /* UICollectionViewCell+Extension.swift in Sources */,
				914E21A62B135E5300FF4CD2 /* UITableViewHeaderFooterView+Extension.swift in Sources */,
				914E21AB2B1367E800FF4CD2 /* LogoPickerViewController+PHPickerViewControllerDelegate.swift in Sources */,
				91783D752B1226C100766268 /* ImageSource.swift in Sources */,
				91783D772B12461800766268 /* LogoSelectorTableSectionHeaderView.swift in Sources */,
				91783D882B132D6700766268 /* RecentlyUsedPhotosTableViewCell.swift in Sources */,
				914E21AD2B1367F900FF4CD2 /* LogoPickerViewController+UIImagePickerControllerDelegate.swift in Sources */,
				91783D702B12187C00766268 /* LogoPickerViewController.swift in Sources */,
				91783D802B1259CD00766268 /* UITableViewCell+Extension.swift in Sources */,
				91783D122B11FE8D00766268 /* LogoPicker_framework.docc in Sources */,
				91783D832B125E0300766268 /* AlertDisplayUtility.swift in Sources */,
				91783D7A2B1246BE00766268 /* ReusableView.swift in Sources */,
				914E21D62B139A6700FF4CD2 /* ImageCache.swift in Sources */,
				91783D6D2B12036A00766268 /* LogoView.swift in Sources */,
				914E21AF2B13683500FF4CD2 /* LogoPickerViewController+UITableViewDataSourceDelegate.swift in Sources */,
				914E21A32B135BFA00FF4CD2 /* RecentlyUsedPhotosTableViewCell+UICollectionViewDelegateFlowLayout.swift in Sources */,
				914E21A82B1364C300FF4CD2 /* LogoPickerViewControllerDelegate.swift in Sources */,
				91783D7D2B12531B00766268 /* LogoPreviewTableViewCell.swift in Sources */,
				914E21B22B1369D400FF4CD2 /* Router.swift in Sources */,
				91783D862B132C6500766268 /* LogoFrameSize.swift in Sources */,
			);
			runOnlyForDeploymentPostprocessing = 0;
		};
		91783D132B11FE8E00766268 /* Sources */ = {
			isa = PBXSourcesBuildPhase;
			buildActionMask = 2147483647;
			files = (
				91783D1D2B11FE8E00766268 /* LogoPicker_frameworkTests.swift in Sources */,
			);
			runOnlyForDeploymentPostprocessing = 0;
		};
/* End PBXSourcesBuildPhase section */

/* Begin PBXTargetDependency section */
		91783D1A2B11FE8E00766268 /* PBXTargetDependency */ = {
			isa = PBXTargetDependency;
			target = 91783D0C2B11FE8D00766268 /* LogoPicker-framework */;
			targetProxy = 91783D192B11FE8E00766268 /* PBXContainerItemProxy */;
		};
/* End PBXTargetDependency section */

/* Begin XCBuildConfiguration section */
		91783D1F2B11FE8E00766268 /* Debug */ = {
			isa = XCBuildConfiguration;
			buildSettings = {
				ALWAYS_SEARCH_USER_PATHS = NO;
				ASSETCATALOG_COMPILER_GENERATE_SWIFT_ASSET_SYMBOL_EXTENSIONS = YES;
				CLANG_ANALYZER_NONNULL = YES;
				CLANG_ANALYZER_NUMBER_OBJECT_CONVERSION = YES_AGGRESSIVE;
				CLANG_CXX_LANGUAGE_STANDARD = "gnu++20";
				CLANG_ENABLE_MODULES = YES;
				CLANG_ENABLE_OBJC_ARC = YES;
				CLANG_ENABLE_OBJC_WEAK = YES;
				CLANG_WARN_BLOCK_CAPTURE_AUTORELEASING = YES;
				CLANG_WARN_BOOL_CONVERSION = YES;
				CLANG_WARN_COMMA = YES;
				CLANG_WARN_CONSTANT_CONVERSION = YES;
				CLANG_WARN_DEPRECATED_OBJC_IMPLEMENTATIONS = YES;
				CLANG_WARN_DIRECT_OBJC_ISA_USAGE = YES_ERROR;
				CLANG_WARN_DOCUMENTATION_COMMENTS = YES;
				CLANG_WARN_EMPTY_BODY = YES;
				CLANG_WARN_ENUM_CONVERSION = YES;
				CLANG_WARN_INFINITE_RECURSION = YES;
				CLANG_WARN_INT_CONVERSION = YES;
				CLANG_WARN_NON_LITERAL_NULL_CONVERSION = YES;
				CLANG_WARN_OBJC_IMPLICIT_RETAIN_SELF = YES;
				CLANG_WARN_OBJC_LITERAL_CONVERSION = YES;
				CLANG_WARN_OBJC_ROOT_CLASS = YES_ERROR;
				CLANG_WARN_QUOTED_INCLUDE_IN_FRAMEWORK_HEADER = YES;
				CLANG_WARN_RANGE_LOOP_ANALYSIS = YES;
				CLANG_WARN_STRICT_PROTOTYPES = YES;
				CLANG_WARN_SUSPICIOUS_MOVE = YES;
				CLANG_WARN_UNGUARDED_AVAILABILITY = YES_AGGRESSIVE;
				CLANG_WARN_UNREACHABLE_CODE = YES;
				CLANG_WARN__DUPLICATE_METHOD_MATCH = YES;
				COPY_PHASE_STRIP = NO;
				CURRENT_PROJECT_VERSION = 1;
				DEBUG_INFORMATION_FORMAT = dwarf;
				ENABLE_STRICT_OBJC_MSGSEND = YES;
				ENABLE_TESTABILITY = YES;
				ENABLE_USER_SCRIPT_SANDBOXING = YES;
				GCC_C_LANGUAGE_STANDARD = gnu17;
				GCC_DYNAMIC_NO_PIC = NO;
				GCC_NO_COMMON_BLOCKS = YES;
				GCC_OPTIMIZATION_LEVEL = 0;
				GCC_PREPROCESSOR_DEFINITIONS = (
					"DEBUG=1",
					"$(inherited)",
				);
				GCC_WARN_64_TO_32_BIT_CONVERSION = YES;
				GCC_WARN_ABOUT_RETURN_TYPE = YES_ERROR;
				GCC_WARN_UNDECLARED_SELECTOR = YES;
				GCC_WARN_UNINITIALIZED_AUTOS = YES_AGGRESSIVE;
				GCC_WARN_UNUSED_FUNCTION = YES;
				GCC_WARN_UNUSED_VARIABLE = YES;
				IPHONEOS_DEPLOYMENT_TARGET = 16.0;
				LOCALIZATION_PREFERS_STRING_CATALOGS = YES;
				MACOSX_DEPLOYMENT_TARGET = 13.0;
				MTL_ENABLE_DEBUG_INFO = INCLUDE_SOURCE;
				MTL_FAST_MATH = YES;
				ONLY_ACTIVE_ARCH = YES;
				SDKROOT = iphoneos;
				SUPPORTED_PLATFORMS = "iphonesimulator iphoneos macOS";
				SWIFT_ACTIVE_COMPILATION_CONDITIONS = "DEBUG $(inherited)";
				SWIFT_OPTIMIZATION_LEVEL = "-Onone";
				VERSIONING_SYSTEM = "apple-generic";
				VERSION_INFO_PREFIX = "";
			};
			name = Debug;
		};
		91783D202B11FE8E00766268 /* Release */ = {
			isa = XCBuildConfiguration;
			buildSettings = {
				ALWAYS_SEARCH_USER_PATHS = NO;
				ASSETCATALOG_COMPILER_GENERATE_SWIFT_ASSET_SYMBOL_EXTENSIONS = YES;
				CLANG_ANALYZER_NONNULL = YES;
				CLANG_ANALYZER_NUMBER_OBJECT_CONVERSION = YES_AGGRESSIVE;
				CLANG_CXX_LANGUAGE_STANDARD = "gnu++20";
				CLANG_ENABLE_MODULES = YES;
				CLANG_ENABLE_OBJC_ARC = YES;
				CLANG_ENABLE_OBJC_WEAK = YES;
				CLANG_WARN_BLOCK_CAPTURE_AUTORELEASING = YES;
				CLANG_WARN_BOOL_CONVERSION = YES;
				CLANG_WARN_COMMA = YES;
				CLANG_WARN_CONSTANT_CONVERSION = YES;
				CLANG_WARN_DEPRECATED_OBJC_IMPLEMENTATIONS = YES;
				CLANG_WARN_DIRECT_OBJC_ISA_USAGE = YES_ERROR;
				CLANG_WARN_DOCUMENTATION_COMMENTS = YES;
				CLANG_WARN_EMPTY_BODY = YES;
				CLANG_WARN_ENUM_CONVERSION = YES;
				CLANG_WARN_INFINITE_RECURSION = YES;
				CLANG_WARN_INT_CONVERSION = YES;
				CLANG_WARN_NON_LITERAL_NULL_CONVERSION = YES;
				CLANG_WARN_OBJC_IMPLICIT_RETAIN_SELF = YES;
				CLANG_WARN_OBJC_LITERAL_CONVERSION = YES;
				CLANG_WARN_OBJC_ROOT_CLASS = YES_ERROR;
				CLANG_WARN_QUOTED_INCLUDE_IN_FRAMEWORK_HEADER = YES;
				CLANG_WARN_RANGE_LOOP_ANALYSIS = YES;
				CLANG_WARN_STRICT_PROTOTYPES = YES;
				CLANG_WARN_SUSPICIOUS_MOVE = YES;
				CLANG_WARN_UNGUARDED_AVAILABILITY = YES_AGGRESSIVE;
				CLANG_WARN_UNREACHABLE_CODE = YES;
				CLANG_WARN__DUPLICATE_METHOD_MATCH = YES;
				COPY_PHASE_STRIP = NO;
				CURRENT_PROJECT_VERSION = 1;
				DEBUG_INFORMATION_FORMAT = "dwarf-with-dsym";
				ENABLE_NS_ASSERTIONS = NO;
				ENABLE_STRICT_OBJC_MSGSEND = YES;
				ENABLE_USER_SCRIPT_SANDBOXING = YES;
				GCC_C_LANGUAGE_STANDARD = gnu17;
				GCC_NO_COMMON_BLOCKS = YES;
				GCC_WARN_64_TO_32_BIT_CONVERSION = YES;
				GCC_WARN_ABOUT_RETURN_TYPE = YES_ERROR;
				GCC_WARN_UNDECLARED_SELECTOR = YES;
				GCC_WARN_UNINITIALIZED_AUTOS = YES_AGGRESSIVE;
				GCC_WARN_UNUSED_FUNCTION = YES;
				GCC_WARN_UNUSED_VARIABLE = YES;
				IPHONEOS_DEPLOYMENT_TARGET = 16.0;
				LOCALIZATION_PREFERS_STRING_CATALOGS = YES;
				MACOSX_DEPLOYMENT_TARGET = 13.0;
				MTL_ENABLE_DEBUG_INFO = NO;
				MTL_FAST_MATH = YES;
				SDKROOT = iphoneos;
				SUPPORTED_PLATFORMS = "iphonesimulator iphoneos macOS";
				SWIFT_COMPILATION_MODE = wholemodule;
				VALIDATE_PRODUCT = YES;
				VERSIONING_SYSTEM = "apple-generic";
				VERSION_INFO_PREFIX = "";
			};
			name = Release;
		};
		91783D222B11FE8E00766268 /* Debug */ = {
			isa = XCBuildConfiguration;
			buildSettings = {
				CODE_SIGN_STYLE = Automatic;
				CURRENT_PROJECT_VERSION = 1;
				DEFINES_MODULE = YES;
				DEVELOPMENT_TEAM = MV3J9MQS8N;
				DYLIB_COMPATIBILITY_VERSION = 1;
				DYLIB_CURRENT_VERSION = 1;
				DYLIB_INSTALL_NAME_BASE = "@rpath";
				ENABLE_MODULE_VERIFIER = YES;
				GENERATE_INFOPLIST_FILE = YES;
				INFOPLIST_KEY_NSHumanReadableCopyright = "";
				INSTALL_PATH = "$(LOCAL_LIBRARY_DIR)/Frameworks";
				IPHONEOS_DEPLOYMENT_TARGET = 16.0;
				LD_RUNPATH_SEARCH_PATHS = (
					"$(inherited)",
					"@executable_path/Frameworks",
					"@loader_path/Frameworks",
				);
				MARKETING_VERSION = 1.0;
				MODULE_VERIFIER_SUPPORTED_LANGUAGES = "objective-c objective-c++";
				MODULE_VERIFIER_SUPPORTED_LANGUAGE_STANDARDS = "gnu17 gnu++20";
				ONLY_ACTIVE_ARCH = YES;
				PRODUCT_BUNDLE_IDENTIFIER = "XYZ.LogoPicker-framework";
				PRODUCT_NAME = "$(TARGET_NAME:c99extidentifier)";
				SKIP_INSTALL = YES;
				SUPPORTED_PLATFORMS = "iphoneos iphonesimulator";
				SUPPORTS_MACCATALYST = YES;
				SWIFT_EMIT_LOC_STRINGS = YES;
				SWIFT_VERSION = 5.0;
				TARGETED_DEVICE_FAMILY = "1,2";
			};
			name = Debug;
		};
		91783D232B11FE8E00766268 /* Release */ = {
			isa = XCBuildConfiguration;
			buildSettings = {
				CODE_SIGN_STYLE = Automatic;
				CURRENT_PROJECT_VERSION = 1;
				DEFINES_MODULE = YES;
				DEVELOPMENT_TEAM = MV3J9MQS8N;
				DYLIB_COMPATIBILITY_VERSION = 1;
				DYLIB_CURRENT_VERSION = 1;
				DYLIB_INSTALL_NAME_BASE = "@rpath";
				ENABLE_MODULE_VERIFIER = YES;
				GENERATE_INFOPLIST_FILE = YES;
				INFOPLIST_KEY_NSHumanReadableCopyright = "";
				INSTALL_PATH = "$(LOCAL_LIBRARY_DIR)/Frameworks";
				IPHONEOS_DEPLOYMENT_TARGET = 16.0;
				LD_RUNPATH_SEARCH_PATHS = (
					"$(inherited)",
					"@executable_path/Frameworks",
					"@loader_path/Frameworks",
				);
				MARKETING_VERSION = 1.0;
				MODULE_VERIFIER_SUPPORTED_LANGUAGES = "objective-c objective-c++";
				MODULE_VERIFIER_SUPPORTED_LANGUAGE_STANDARDS = "gnu17 gnu++20";
				PRODUCT_BUNDLE_IDENTIFIER = "XYZ.LogoPicker-framework";
				PRODUCT_NAME = "$(TARGET_NAME:c99extidentifier)";
				SKIP_INSTALL = YES;
				SUPPORTED_PLATFORMS = "iphoneos iphonesimulator";
				SUPPORTS_MACCATALYST = YES;
				SWIFT_EMIT_LOC_STRINGS = YES;
				SWIFT_VERSION = 5.0;
				TARGETED_DEVICE_FAMILY = "1,2";
			};
			name = Release;
		};
		91783D252B11FE8E00766268 /* Debug */ = {
			isa = XCBuildConfiguration;
			buildSettings = {
				ALWAYS_EMBED_SWIFT_STANDARD_LIBRARIES = YES;
				CODE_SIGN_STYLE = Automatic;
				CURRENT_PROJECT_VERSION = 1;
				DEVELOPMENT_TEAM = MV3J9MQS8N;
				GENERATE_INFOPLIST_FILE = YES;
				MARKETING_VERSION = 1.0;
				PRODUCT_BUNDLE_IDENTIFIER = "XYZ.LogoPicker-frameworkTests";
				PRODUCT_NAME = "$(TARGET_NAME)";
				SWIFT_EMIT_LOC_STRINGS = NO;
				SWIFT_VERSION = 5.0;
				TARGETED_DEVICE_FAMILY = "1,2";
			};
			name = Debug;
		};
		91783D262B11FE8E00766268 /* Release */ = {
			isa = XCBuildConfiguration;
			buildSettings = {
				ALWAYS_EMBED_SWIFT_STANDARD_LIBRARIES = YES;
				CODE_SIGN_STYLE = Automatic;
				CURRENT_PROJECT_VERSION = 1;
				DEVELOPMENT_TEAM = MV3J9MQS8N;
				GENERATE_INFOPLIST_FILE = YES;
				MARKETING_VERSION = 1.0;
				PRODUCT_BUNDLE_IDENTIFIER = "XYZ.LogoPicker-frameworkTests";
				PRODUCT_NAME = "$(TARGET_NAME)";
				SWIFT_EMIT_LOC_STRINGS = NO;
				SWIFT_VERSION = 5.0;
				TARGETED_DEVICE_FAMILY = "1,2";
			};
			name = Release;
		};
/* End XCBuildConfiguration section */

/* Begin XCConfigurationList section */
		91783D072B11FE8D00766268 /* Build configuration list for PBXProject "LogoPicker-framework" */ = {
			isa = XCConfigurationList;
			buildConfigurations = (
				91783D1F2B11FE8E00766268 /* Debug */,
				91783D202B11FE8E00766268 /* Release */,
			);
			defaultConfigurationIsVisible = 0;
			defaultConfigurationName = Release;
		};
		91783D212B11FE8E00766268 /* Build configuration list for PBXNativeTarget "LogoPicker-framework" */ = {
			isa = XCConfigurationList;
			buildConfigurations = (
				91783D222B11FE8E00766268 /* Debug */,
				91783D232B11FE8E00766268 /* Release */,
			);
			defaultConfigurationIsVisible = 0;
			defaultConfigurationName = Release;
		};
		91783D242B11FE8E00766268 /* Build configuration list for PBXNativeTarget "LogoPicker-frameworkTests" */ = {
			isa = XCConfigurationList;
			buildConfigurations = (
				91783D252B11FE8E00766268 /* Debug */,
				91783D262B11FE8E00766268 /* Release */,
			);
			defaultConfigurationIsVisible = 0;
			defaultConfigurationName = Release;
		};
/* End XCConfigurationList section */
	};
	rootObject = 91783D042B11FE8D00766268 /* Project object */;
}
